
Microsoft Visual Studio Solution File, Format Version 12.00
# Visual Studio Version 16
VisualStudioVersion = 16.0.32002.261
MinimumVisualStudioVersion = 10.0.40219.1
Project("{8BC9CEB8-8B4A-11D0-8D11-00A0C91BC942}") = "TestExam", "TestExam.vcxproj", "{B93EAB5E-D3D3-4BCA-B1BD-F519E2FC1117}"
EndProject
Global
	GlobalSection(SolutionConfigurationPlatforms) = preSolution
		Debug|x64 = Debug|x64
		Debug|x86 = Debug|x86
		Release|x64 = Release|x64
		Release|x86 = Release|x86
	EndGlobalSection
	GlobalSection(ProjectConfigurationPlatforms) = postSolution
		{B93EAB5E-D3D3-4BCA-B1BD-F519E2FC1117}.Debug|x64.ActiveCfg = Debug|x64
		{B93EAB5E-D3D3-4BCA-B1BD-F519E2FC1117}.Debug|x64.Build.0 = Debug|x64
		{B93EAB5E-D3D3-4BCA-B1BD-F519E2FC1117}.Debug|x86.ActiveCfg = Debug|Win32
		{B93EAB5E-D3D3-4BCA-B1BD-F519E2FC1117}.Debug|x86.Build.0 = Debug|Win32
		{B93EAB5E-D3D3-4BCA-B1BD-F519E2FC1117}.Release|x64.ActiveCfg = Release|x64
		{B93EAB5E-D3D3-4BCA-B1BD-F519E2FC1117}.Release|x64.Build.0 = Release|x64
		{B93EAB5E-D3D3-4BCA-B1BD-F519E2FC1117}.Release|x86.ActiveCfg = Release|Win32
		{B93EAB5E-D3D3-4BCA-B1BD-F519E2FC1117}.Release|x86.Build.0 = Release|Win32
	EndGlobalSection
	GlobalSection(SolutionProperties) = preSolution
		HideSolutionNode = FALSE
	EndGlobalSection
	GlobalSection(ExtensibilityGlobals) = postSolution
		SolutionGuid = {BBA4D259-8AD8-4B35-A0E4-CF1EF41BB696}
	EndGlobalSection
EndGlobal
